
Microsoft Visual Studio Solution File, Format Version 12.00
# Visual Studio Version 17
VisualStudioVersion = 17.7.34031.279
MinimumVisualStudioVersion = 10.0.40219.1
Project("{9A19103F-16F7-4668-BE54-9A1E7A4F7556}") = "ML UI App", "ML UI App\ML UI App.csproj", "{7C81EBCD-D7F6-4651-A1C9-C802B68E7895}"
EndProject
Project("{9A19103F-16F7-4668-BE54-9A1E7A4F7556}") = "ML TCP Server", "ML TCP Server\ML TCP Server.csproj", "{9343380B-FEEB-4912-AFD1-206C8556E476}"
EndProject
Global
	GlobalSection(SolutionConfigurationPlatforms) = preSolution
		Debug|Any CPU = Debug|Any CPU
		Release|Any CPU = Release|Any CPU
	EndGlobalSection
	GlobalSection(ProjectConfigurationPlatforms) = postSolution
		{7C81EBCD-D7F6-4651-A1C9-C802B68E7895}.Debug|Any CPU.ActiveCfg = Debug|Any CPU
		{7C81EBCD-D7F6-4651-A1C9-C802B68E7895}.Debug|Any CPU.Build.0 = Debug|Any CPU
		{7C81EBCD-D7F6-4651-A1C9-C802B68E7895}.Release|Any CPU.ActiveCfg = Release|Any CPU
		{7C81EBCD-D7F6-4651-A1C9-C802B68E7895}.Release|Any CPU.Build.0 = Release|Any CPU
		{9343380B-FEEB-4912-AFD1-206C8556E476}.Debug|Any CPU.ActiveCfg = Debug|Any CPU
		{9343380B-FEEB-4912-AFD1-206C8556E476}.Debug|Any CPU.Build.0 = Debug|Any CPU
		{9343380B-FEEB-4912-AFD1-206C8556E476}.Release|Any CPU.ActiveCfg = Release|Any CPU
		{9343380B-FEEB-4912-AFD1-206C8556E476}.Release|Any CPU.Build.0 = Release|Any CPU
	EndGlobalSection
	GlobalSection(SolutionProperties) = preSolution
		HideSolutionNode = FALSE
	EndGlobalSection
	GlobalSection(ExtensibilityGlobals) = postSolution
		SolutionGuid = {83BE3F5F-9AE4-44E4-BAA3-E03514F57299}
	EndGlobalSection
EndGlobal
