
Microsoft Visual Studio Solution File, Format Version 12.00
# Visual Studio Version 17
VisualStudioVersion = 17.7.34031.279
MinimumVisualStudioVersion = 10.0.40219.1
Project("{9A19103F-16F7-4668-BE54-9A1E7A4F7556}") = "ML generic", "ML generic\ML generic.csproj", "{72390616-21C8-4546-8196-7DDF514D9548}"
EndProject
Project("{9A19103F-16F7-4668-BE54-9A1E7A4F7556}") = "ML UI App", "ML UI App\ML UI App.csproj", "{7C81EBCD-D7F6-4651-A1C9-C802B68E7895}"
EndProject
Project("{9A19103F-16F7-4668-BE54-9A1E7A4F7556}") = "ServiceLibrary", "LoggerLibrary\ServiceLibrary.csproj", "{EF7E81C8-D245-4D1F-917D-28EC6E8A5833}"
EndProject
Global
	GlobalSection(SolutionConfigurationPlatforms) = preSolution
		Debug|Any CPU = Debug|Any CPU
		Release|Any CPU = Release|Any CPU
	EndGlobalSection
	GlobalSection(ProjectConfigurationPlatforms) = postSolution
		{72390616-21C8-4546-8196-7DDF514D9548}.Debug|Any CPU.ActiveCfg = Debug|Any CPU
		{72390616-21C8-4546-8196-7DDF514D9548}.Release|Any CPU.ActiveCfg = Release|Any CPU
		{72390616-21C8-4546-8196-7DDF514D9548}.Release|Any CPU.Build.0 = Release|Any CPU
		{7C81EBCD-D7F6-4651-A1C9-C802B68E7895}.Debug|Any CPU.ActiveCfg = Debug|Any CPU
		{7C81EBCD-D7F6-4651-A1C9-C802B68E7895}.Debug|Any CPU.Build.0 = Debug|Any CPU
		{7C81EBCD-D7F6-4651-A1C9-C802B68E7895}.Release|Any CPU.ActiveCfg = Release|Any CPU
		{7C81EBCD-D7F6-4651-A1C9-C802B68E7895}.Release|Any CPU.Build.0 = Release|Any CPU
		{EF7E81C8-D245-4D1F-917D-28EC6E8A5833}.Debug|Any CPU.ActiveCfg = Debug|Any CPU
		{EF7E81C8-D245-4D1F-917D-28EC6E8A5833}.Release|Any CPU.ActiveCfg = Release|Any CPU
		{EF7E81C8-D245-4D1F-917D-28EC6E8A5833}.Release|Any CPU.Build.0 = Release|Any CPU
	EndGlobalSection
	GlobalSection(SolutionProperties) = preSolution
		HideSolutionNode = FALSE
	EndGlobalSection
	GlobalSection(ExtensibilityGlobals) = postSolution
		SolutionGuid = {83BE3F5F-9AE4-44E4-BAA3-E03514F57299}
	EndGlobalSection
EndGlobal
